{
  "name": "softAbraham2023",
  "lockfileVersion": 3,
  "requires": true,
  "packages": {
    "": {
      "dependencies": {
        "@fortawesome/fontawesome-free": "^6.4.2",
<<<<<<< HEAD
        "sweetalert2": "^11.7.23"
=======
        "sweetalert2": "^11.7.26"
>>>>>>> e2e5e9e7606c6589f534292006cd9c7080a6d930
      }
    },
    "node_modules/@fortawesome/fontawesome-free": {
      "version": "6.4.2",
      "resolved": "https://registry.npmjs.org/@fortawesome/fontawesome-free/-/fontawesome-free-6.4.2.tgz",
      "integrity": "sha512-m5cPn3e2+FDCOgi1mz0RexTUvvQibBebOUlUlW0+YrMjDTPkiJ6VTKukA1GRsvRw+12KyJndNjj0O4AgTxm2Pg==",
      "hasInstallScript": true,
      "engines": {
        "node": ">=6"
      }
    },
    "node_modules/sweetalert2": {
<<<<<<< HEAD
      "version": "11.7.23",
      "resolved": "https://registry.npmjs.org/sweetalert2/-/sweetalert2-11.7.23.tgz",
      "integrity": "sha512-zhc2Jc/coeUFPCM7LyVaUddbSz1Av9/EgQVXxZVPre8cwJrTZXCOEAboCT11StS3vaFTio74cumWustmNzDOEw==",
=======
      "version": "11.7.26",
      "resolved": "https://registry.npmjs.org/sweetalert2/-/sweetalert2-11.7.26.tgz",
      "integrity": "sha512-mrkLPk54DkqZ8rtFpUsTAV+LaX6Bn0C5r7NTzn0VB6tScaEHCC5BBAQaBdZNd3qDJLPF0FT6/YHPDaEtL1x/Zw==",
>>>>>>> e2e5e9e7606c6589f534292006cd9c7080a6d930
      "funding": {
        "type": "individual",
        "url": "https://github.com/sponsors/limonte"
      }
    }
  }
}
